
Microsoft Visual Studio Solution File, Format Version 12.00
# Visual Studio Version 17
VisualStudioVersion = 17.5.002.0
MinimumVisualStudioVersion = 10.0.40219.1
Project("{9A19103F-16F7-4668-BE54-9A1E7A4F7556}") = "Stocks.Tests", "Stocks.Tests\Stocks.Tests.csproj", "{5EED9577-57A6-4CE7-95D2-EE9C28BC7537}"
EndProject
Project("{9A19103F-16F7-4668-BE54-9A1E7A4F7556}") = "Stocks.Api", "Stocks.Api\Stocks.Api.csproj", "{2753BFDA-720D-4E36-A873-8BFE4BC7332D}"
EndProject
Global
	GlobalSection(SolutionConfigurationPlatforms) = preSolution
		Debug|Any CPU = Debug|Any CPU
		Release|Any CPU = Release|Any CPU
	EndGlobalSection
	GlobalSection(ProjectConfigurationPlatforms) = postSolution
		{5EED9577-57A6-4CE7-95D2-EE9C28BC7537}.Debug|Any CPU.ActiveCfg = Debug|Any CPU
		{5EED9577-57A6-4CE7-95D2-EE9C28BC7537}.Debug|Any CPU.Build.0 = Debug|Any CPU
		{5EED9577-57A6-4CE7-95D2-EE9C28BC7537}.Release|Any CPU.ActiveCfg = Release|Any CPU
		{5EED9577-57A6-4CE7-95D2-EE9C28BC7537}.Release|Any CPU.Build.0 = Release|Any CPU
		{2753BFDA-720D-4E36-A873-8BFE4BC7332D}.Debug|Any CPU.ActiveCfg = Debug|Any CPU
		{2753BFDA-720D-4E36-A873-8BFE4BC7332D}.Debug|Any CPU.Build.0 = Debug|Any CPU
		{2753BFDA-720D-4E36-A873-8BFE4BC7332D}.Release|Any CPU.ActiveCfg = Release|Any CPU
		{2753BFDA-720D-4E36-A873-8BFE4BC7332D}.Release|Any CPU.Build.0 = Release|Any CPU
	EndGlobalSection
	GlobalSection(SolutionProperties) = preSolution
		HideSolutionNode = FALSE
	EndGlobalSection
	GlobalSection(ExtensibilityGlobals) = postSolution
		SolutionGuid = {AE2FF226-C3CE-480F-998B-BDEF974E8BC7}
	EndGlobalSection
EndGlobal
